
Microsoft Visual Studio Solution File, Format Version 12.00
# Visual Studio Version 16
VisualStudioVersion = 16.0.29209.62
MinimumVisualStudioVersion = 10.0.40219.1
Project("{FAE04EC0-301F-11D3-BF4B-00C04F79EFBC}") = "TestWebApp", "TestWebApp\TestWebApp.csproj", "{DE874B74-1DCC-433A-8904-E45A8D87135F}"
EndProject
Global
	GlobalSection(SolutionConfigurationPlatforms) = preSolution
		Debug|Any CPU = Debug|Any CPU
		Release|Any CPU = Release|Any CPU
	EndGlobalSection
	GlobalSection(ProjectConfigurationPlatforms) = postSolution
		{DE874B74-1DCC-433A-8904-E45A8D87135F}.Debug|Any CPU.ActiveCfg = Debug|Any CPU
		{DE874B74-1DCC-433A-8904-E45A8D87135F}.Debug|Any CPU.Build.0 = Debug|Any CPU
		{DE874B74-1DCC-433A-8904-E45A8D87135F}.Release|Any CPU.ActiveCfg = Release|Any CPU
		{DE874B74-1DCC-433A-8904-E45A8D87135F}.Release|Any CPU.Build.0 = Release|Any CPU
	EndGlobalSection
	GlobalSection(SolutionProperties) = preSolution
		HideSolutionNode = FALSE
	EndGlobalSection
	GlobalSection(ExtensibilityGlobals) = postSolution
		SolutionGuid = {10683C99-E7D2-4B0E-BC09-4A5F7C27205F}
	EndGlobalSection
EndGlobal
